
Microsoft Visual Studio Solution File, Format Version 12.00
# Visual Studio 15
VisualStudioVersion = 15.0.26124.0
MinimumVisualStudioVersion = 15.0.26124.0
Project("{2150E333-8FDC-42A3-9474-1A3956D46DE8}") = "src", "src", "{A913F9F9-9887-4EDD-9191-35DB841BFC6C}"
EndProject
Project("{FAE04EC0-301F-11D3-BF4B-00C04F79EFBC}") = "LaughAndGroan.Actions", "src\LaughAndGroan.Actions\LaughAndGroan.Actions.csproj", "{ACB54D76-C30F-4E4C-89D7-14AB91D2C2AD}"
EndProject
Project("{2150E333-8FDC-42A3-9474-1A3956D46DE8}") = "test", "test", "{1C85950F-AD7F-4B31-A122-0437D7228713}"
EndProject
Project("{FAE04EC0-301F-11D3-BF4B-00C04F79EFBC}") = "LaughAndGroan.Actions.Tests", "test\LaughAndGroan.Actions.Tests\LaughAndGroan.Actions.Tests.csproj", "{AB356FAC-E3C5-4BC0-90BF-1A37DE47A1D9}"
EndProject
Global
	GlobalSection(SolutionConfigurationPlatforms) = preSolution
		Debug|Any CPU = Debug|Any CPU
		Debug|x64 = Debug|x64
		Debug|x86 = Debug|x86
		Release|Any CPU = Release|Any CPU
		Release|x64 = Release|x64
		Release|x86 = Release|x86
	EndGlobalSection
	GlobalSection(SolutionProperties) = preSolution
		HideSolutionNode = FALSE
	EndGlobalSection
	GlobalSection(ProjectConfigurationPlatforms) = postSolution
		{ACB54D76-C30F-4E4C-89D7-14AB91D2C2AD}.Debug|Any CPU.ActiveCfg = Debug|Any CPU
		{ACB54D76-C30F-4E4C-89D7-14AB91D2C2AD}.Debug|Any CPU.Build.0 = Debug|Any CPU
		{ACB54D76-C30F-4E4C-89D7-14AB91D2C2AD}.Debug|x64.ActiveCfg = Debug|Any CPU
		{ACB54D76-C30F-4E4C-89D7-14AB91D2C2AD}.Debug|x64.Build.0 = Debug|Any CPU
		{ACB54D76-C30F-4E4C-89D7-14AB91D2C2AD}.Debug|x86.ActiveCfg = Debug|Any CPU
		{ACB54D76-C30F-4E4C-89D7-14AB91D2C2AD}.Debug|x86.Build.0 = Debug|Any CPU
		{ACB54D76-C30F-4E4C-89D7-14AB91D2C2AD}.Release|Any CPU.ActiveCfg = Release|Any CPU
		{ACB54D76-C30F-4E4C-89D7-14AB91D2C2AD}.Release|Any CPU.Build.0 = Release|Any CPU
		{ACB54D76-C30F-4E4C-89D7-14AB91D2C2AD}.Release|x64.ActiveCfg = Release|Any CPU
		{ACB54D76-C30F-4E4C-89D7-14AB91D2C2AD}.Release|x64.Build.0 = Release|Any CPU
		{ACB54D76-C30F-4E4C-89D7-14AB91D2C2AD}.Release|x86.ActiveCfg = Release|Any CPU
		{ACB54D76-C30F-4E4C-89D7-14AB91D2C2AD}.Release|x86.Build.0 = Release|Any CPU
		{AB356FAC-E3C5-4BC0-90BF-1A37DE47A1D9}.Debug|Any CPU.ActiveCfg = Debug|Any CPU
		{AB356FAC-E3C5-4BC0-90BF-1A37DE47A1D9}.Debug|Any CPU.Build.0 = Debug|Any CPU
		{AB356FAC-E3C5-4BC0-90BF-1A37DE47A1D9}.Debug|x64.ActiveCfg = Debug|Any CPU
		{AB356FAC-E3C5-4BC0-90BF-1A37DE47A1D9}.Debug|x64.Build.0 = Debug|Any CPU
		{AB356FAC-E3C5-4BC0-90BF-1A37DE47A1D9}.Debug|x86.ActiveCfg = Debug|Any CPU
		{AB356FAC-E3C5-4BC0-90BF-1A37DE47A1D9}.Debug|x86.Build.0 = Debug|Any CPU
		{AB356FAC-E3C5-4BC0-90BF-1A37DE47A1D9}.Release|Any CPU.ActiveCfg = Release|Any CPU
		{AB356FAC-E3C5-4BC0-90BF-1A37DE47A1D9}.Release|Any CPU.Build.0 = Release|Any CPU
		{AB356FAC-E3C5-4BC0-90BF-1A37DE47A1D9}.Release|x64.ActiveCfg = Release|Any CPU
		{AB356FAC-E3C5-4BC0-90BF-1A37DE47A1D9}.Release|x64.Build.0 = Release|Any CPU
		{AB356FAC-E3C5-4BC0-90BF-1A37DE47A1D9}.Release|x86.ActiveCfg = Release|Any CPU
		{AB356FAC-E3C5-4BC0-90BF-1A37DE47A1D9}.Release|x86.Build.0 = Release|Any CPU
	EndGlobalSection
	GlobalSection(NestedProjects) = preSolution
		{ACB54D76-C30F-4E4C-89D7-14AB91D2C2AD} = {A913F9F9-9887-4EDD-9191-35DB841BFC6C}
		{AB356FAC-E3C5-4BC0-90BF-1A37DE47A1D9} = {1C85950F-AD7F-4B31-A122-0437D7228713}
	EndGlobalSection
EndGlobal
